
Microsoft Visual Studio Solution File, Format Version 12.00
# Visual Studio 15
VisualStudioVersion = 15.0.27130.2010
MinimumVisualStudioVersion = 10.0.40219.1
Project("{FAE04EC0-301F-11D3-BF4B-00C04F79EFBC}") = "ContasPessoais2.0", "ContasPessoais2.0\ContasPessoais2.0.csproj", "{7C34B58B-C146-4B25-A794-8E9ED86F48F8}"
EndProject
Project("{FAE04EC0-301F-11D3-BF4B-00C04F79EFBC}") = "ContasPessoais2.Domain", "ContasPessoais2.Domain\ContasPessoais2.Domain.csproj", "{E9E3A055-8BEF-4986-BBD0-F573709FB088}"
EndProject
Project("{FAE04EC0-301F-11D3-BF4B-00C04F79EFBC}") = "ContasPessoais2.Data.Context", "ContasPessoais2.Data.Context\ContasPessoais2.Data.Context.csproj", "{AB773C81-AE52-4C77-B304-718974D9A15B}"
EndProject
Project("{FAE04EC0-301F-11D3-BF4B-00C04F79EFBC}") = "ContasPessoais2.Data.Repository", "ContasPessoais2.Data.Repository\ContasPessoais2.Data.Repository.csproj", "{0F9D0069-3F89-4A58-B424-DBF4009DC30E}"
EndProject
Project("{FAE04EC0-301F-11D3-BF4B-00C04F79EFBC}") = "ContasPessoais2.0.IoC", "ContasPessoais2.0.IoC\ContasPessoais2.0.IoC.csproj", "{9263BBB0-7C01-48B0-8DAE-28F8C9F8844F}"
EndProject
Project("{FAE04EC0-301F-11D3-BF4B-00C04F79EFBC}") = "ContasPessoais2.0.App", "ContasPessoais2.0.App\ContasPessoais2.0.App.csproj", "{EC692E8E-8924-4473-84D9-4C648284F4CA}"
EndProject
Global
	GlobalSection(SolutionConfigurationPlatforms) = preSolution
		Debug|Any CPU = Debug|Any CPU
		Release|Any CPU = Release|Any CPU
	EndGlobalSection
	GlobalSection(ProjectConfigurationPlatforms) = postSolution
		{7C34B58B-C146-4B25-A794-8E9ED86F48F8}.Debug|Any CPU.ActiveCfg = Debug|Any CPU
		{7C34B58B-C146-4B25-A794-8E9ED86F48F8}.Debug|Any CPU.Build.0 = Debug|Any CPU
		{7C34B58B-C146-4B25-A794-8E9ED86F48F8}.Release|Any CPU.ActiveCfg = Release|Any CPU
		{7C34B58B-C146-4B25-A794-8E9ED86F48F8}.Release|Any CPU.Build.0 = Release|Any CPU
		{E9E3A055-8BEF-4986-BBD0-F573709FB088}.Debug|Any CPU.ActiveCfg = Debug|Any CPU
		{E9E3A055-8BEF-4986-BBD0-F573709FB088}.Debug|Any CPU.Build.0 = Debug|Any CPU
		{E9E3A055-8BEF-4986-BBD0-F573709FB088}.Release|Any CPU.ActiveCfg = Release|Any CPU
		{E9E3A055-8BEF-4986-BBD0-F573709FB088}.Release|Any CPU.Build.0 = Release|Any CPU
		{AB773C81-AE52-4C77-B304-718974D9A15B}.Debug|Any CPU.ActiveCfg = Debug|Any CPU
		{AB773C81-AE52-4C77-B304-718974D9A15B}.Debug|Any CPU.Build.0 = Debug|Any CPU
		{AB773C81-AE52-4C77-B304-718974D9A15B}.Release|Any CPU.ActiveCfg = Release|Any CPU
		{AB773C81-AE52-4C77-B304-718974D9A15B}.Release|Any CPU.Build.0 = Release|Any CPU
		{0F9D0069-3F89-4A58-B424-DBF4009DC30E}.Debug|Any CPU.ActiveCfg = Debug|Any CPU
		{0F9D0069-3F89-4A58-B424-DBF4009DC30E}.Debug|Any CPU.Build.0 = Debug|Any CPU
		{0F9D0069-3F89-4A58-B424-DBF4009DC30E}.Release|Any CPU.ActiveCfg = Release|Any CPU
		{0F9D0069-3F89-4A58-B424-DBF4009DC30E}.Release|Any CPU.Build.0 = Release|Any CPU
		{9263BBB0-7C01-48B0-8DAE-28F8C9F8844F}.Debug|Any CPU.ActiveCfg = Debug|Any CPU
		{9263BBB0-7C01-48B0-8DAE-28F8C9F8844F}.Debug|Any CPU.Build.0 = Debug|Any CPU
		{9263BBB0-7C01-48B0-8DAE-28F8C9F8844F}.Release|Any CPU.ActiveCfg = Release|Any CPU
		{9263BBB0-7C01-48B0-8DAE-28F8C9F8844F}.Release|Any CPU.Build.0 = Release|Any CPU
		{EC692E8E-8924-4473-84D9-4C648284F4CA}.Debug|Any CPU.ActiveCfg = Debug|Any CPU
		{EC692E8E-8924-4473-84D9-4C648284F4CA}.Debug|Any CPU.Build.0 = Debug|Any CPU
		{EC692E8E-8924-4473-84D9-4C648284F4CA}.Release|Any CPU.ActiveCfg = Release|Any CPU
		{EC692E8E-8924-4473-84D9-4C648284F4CA}.Release|Any CPU.Build.0 = Release|Any CPU
	EndGlobalSection
	GlobalSection(SolutionProperties) = preSolution
		HideSolutionNode = FALSE
	EndGlobalSection
	GlobalSection(ExtensibilityGlobals) = postSolution
		SolutionGuid = {4C689357-D7CB-4C29-A808-C77E24642B0F}
	EndGlobalSection
EndGlobal
